
Microsoft Visual Studio Solution File, Format Version 12.00
# Visual Studio Version 17
VisualStudioVersion = 17.5.33530.505
MinimumVisualStudioVersion = 10.0.40219.1
Project("{FAE04EC0-301F-11D3-BF4B-00C04F79EFBC}") = "GESTIONVENTAS.DAL", "GESTIONVENTAS.DAL\GESTIONVENTAS.DAL.csproj", "{ECCDD1F2-5A0F-40CE-89DA-07FC78094EA0}"
EndProject
Project("{FAE04EC0-301F-11D3-BF4B-00C04F79EFBC}") = "GESTIONVENTAS.BSS", "GESTIONVENTAS.BSS\GESTIONVENTAS.BSS.csproj", "{B98B663C-D85C-4D50-9213-833126D2DC07}"
EndProject
Project("{FAE04EC0-301F-11D3-BF4B-00C04F79EFBC}") = "GESTIONVENTAS.MODELOS", "GESTIONVENTAS.MODELOS\GESTIONVENTAS.MODELOS.csproj", "{81938553-C069-463B-9F0A-006BA06867F1}"
EndProject
Project("{FAE04EC0-301F-11D3-BF4B-00C04F79EFBC}") = "GESTIONVENTAS.VISTAS", "GESTIONVENTAS.VISTAS\GESTIONVENTAS.VISTAS.csproj", "{F5FF0D8A-AB9B-4A61-9849-D8284960300C}"
EndProject
Global
	GlobalSection(SolutionConfigurationPlatforms) = preSolution
		Debug|Any CPU = Debug|Any CPU
		Release|Any CPU = Release|Any CPU
	EndGlobalSection
	GlobalSection(ProjectConfigurationPlatforms) = postSolution
		{ECCDD1F2-5A0F-40CE-89DA-07FC78094EA0}.Debug|Any CPU.ActiveCfg = Debug|Any CPU
		{ECCDD1F2-5A0F-40CE-89DA-07FC78094EA0}.Debug|Any CPU.Build.0 = Debug|Any CPU
		{ECCDD1F2-5A0F-40CE-89DA-07FC78094EA0}.Release|Any CPU.ActiveCfg = Release|Any CPU
		{ECCDD1F2-5A0F-40CE-89DA-07FC78094EA0}.Release|Any CPU.Build.0 = Release|Any CPU
		{B98B663C-D85C-4D50-9213-833126D2DC07}.Debug|Any CPU.ActiveCfg = Debug|Any CPU
		{B98B663C-D85C-4D50-9213-833126D2DC07}.Debug|Any CPU.Build.0 = Debug|Any CPU
		{B98B663C-D85C-4D50-9213-833126D2DC07}.Release|Any CPU.ActiveCfg = Release|Any CPU
		{B98B663C-D85C-4D50-9213-833126D2DC07}.Release|Any CPU.Build.0 = Release|Any CPU
		{81938553-C069-463B-9F0A-006BA06867F1}.Debug|Any CPU.ActiveCfg = Debug|Any CPU
		{81938553-C069-463B-9F0A-006BA06867F1}.Debug|Any CPU.Build.0 = Debug|Any CPU
		{81938553-C069-463B-9F0A-006BA06867F1}.Release|Any CPU.ActiveCfg = Release|Any CPU
		{81938553-C069-463B-9F0A-006BA06867F1}.Release|Any CPU.Build.0 = Release|Any CPU
		{F5FF0D8A-AB9B-4A61-9849-D8284960300C}.Debug|Any CPU.ActiveCfg = Debug|Any CPU
		{F5FF0D8A-AB9B-4A61-9849-D8284960300C}.Debug|Any CPU.Build.0 = Debug|Any CPU
		{F5FF0D8A-AB9B-4A61-9849-D8284960300C}.Release|Any CPU.ActiveCfg = Release|Any CPU
		{F5FF0D8A-AB9B-4A61-9849-D8284960300C}.Release|Any CPU.Build.0 = Release|Any CPU
	EndGlobalSection
	GlobalSection(SolutionProperties) = preSolution
		HideSolutionNode = FALSE
	EndGlobalSection
	GlobalSection(ExtensibilityGlobals) = postSolution
		SolutionGuid = {68ACC031-F9BE-444B-B833-2FF342DEBD0C}
	EndGlobalSection
EndGlobal
